hash: 9d2e1b8b5f61195f5cda3432adaf474fe6be6cc1943e68788ea711be63d24484
updated: 2018-01-22T13:20:40.153931735+01:00
imports:
- name: github.com/agonopol/go-stem
  version: 98588501825042276ca6d7cbc73bc8bb56ea8d77
- name: github.com/ajstarks/svgo
  version: f9be02f22f2c23fbdd01ed76e5c7f5af79e13f9b
- name: github.com/boltdb/bolt
  version: 144418e1475d8bf7abbdc48583500f1a20c62ea7
- name: github.com/cheggaaa/pb
  version: 43d64de27312b32812ca7e994fa0bb03ccf08fdf
- name: github.com/daviddengcn/bolthelper
  version: 5f8bac9d6688c228cd3a730950131e8016bbd274
- name: github.com/daviddengcn/gddo
  version: 74838dc7d4ba1e3aadadb25dd13a9ca8d0e2b7b7
  subpackages:
  - doc
- name: github.com/daviddengcn/go-easybi
  version: fc0229869c6ed8cd400ad038638bb9028ce23a99
- name: github.com/daviddengcn/go-index
  version: 1f9c6669d6ced74538596ae7b3e2a1092d8a7339
- name: github.com/daviddengcn/go-ljson-conf
  version: 92689ea64211c429df99c666f7289be96927def0
- name: github.com/daviddengcn/go-villa
  version: 3f35da8ba982c734ee972e280e1d947e4c6cf201
- name: github.com/daviddengcn/ljson
  version: c7991804aec08ddbc67cd312495e7a1378e6492d
- name: github.com/daviddengcn/sophie
  version: 731618e93eab0c1ae8cf537c7b890f7400d351a8
  subpackages:
  - kv
  - mr
- name: github.com/golang/gddo
  version: bc1419aa93d33c909e9c141b49ef46bdcbfa10b0
  subpackages:
  - doc
  - gosrc
- name: github.com/golang/protobuf
  version: 130e6b02ab059e7b717a096f397c5b60111cae74
  subpackages:
  - proto
  - ptypes
  - ptypes/any
  - ptypes/duration
  - ptypes/timestamp
- name: github.com/golangplus/bytes
  version: 45c989fe545070ef7c9003cf1998bb195c61731a
- name: github.com/golangplus/container
  version: 4ded057582cc830bdac7c3aa8f7dfa6fcdd7fe7b
  subpackages:
  - heap
- name: github.com/golangplus/encoding
  version: 56d977d3de34831825494f6293f95bbf32870e11
  subpackages:
  - json
- name: github.com/golangplus/errors
  version: f1ba61c5c21614bfdeacf29eb7947cf6c57bcab8
- name: github.com/golangplus/fmt
  version: 2a5d6d7d2995baf7d847b7f16ac0179c6888d37b
- name: github.com/golangplus/math
  version: e46ff059737d4258955cd22772f00006c6706949
- name: github.com/golangplus/sort
  version: 8253da0d33c1394584221391992ab898cb5c40cd
- name: github.com/golangplus/strings
  version: 23cecc559c21434d2c2bdb647bf58ed539a33da6
- name: github.com/golangplus/time
  version: d0b5a61d50ab49bbca748acbe36cc7943949d316
- name: github.com/google/go-github
  version: 922ceac0585d40f97d283d921f872fc50480e06e
  subpackages:
  - github
- name: github.com/google/go-querystring
  version: 53e6ce116135b80d037921a7fdd5138cf32d7a8a
  subpackages:
  - query
- name: github.com/howeyc/fsnotify
  version: f0c08ee9c60704c1879025f2ae0ff3e000082c13
- name: github.com/mattn/go-runewidth
  version: 97311d9f7767e3d6f422ea06661bc2c7a19e8a5d
- name: github.com/russross/blackfriday
  version: 6d1ef893fcb01b4f50cb6e57ed7df3e2e627b6b2
- name: golang.org/x/crypto
  version: 9419663f5a44be8b34ca85f08abc5fe1be11f8a3
  subpackages:
  - ssh/terminal
- name: golang.org/x/net
  version: b60f3a92103dfd93dfcb900ec77c6d0643510868
  subpackages:
  - context
  - context/ctxhttp
  - internal/timeseries
  - trace
- name: golang.org/x/oauth2
  version: 13449ad91cb26cb47661c1b080790392170385fd
  subpackages:
  - internal
- name: golang.org/x/sys
  version: 2320a9c15898af1b1b24f99700d5c1e957f9d8cf
  subpackages:
  - unix
  - windows
- name: google.golang.org/appengine
  version: 24e4144ec923c2374f6b06610c0df16a9222c3d9
  subpackages:
  - aetest
  - datastore
  - internal
  - internal/app_identity
  - internal/base
  - internal/datastore
  - internal/log
  - internal/memcache
  - internal/modules
  - internal/remote_api
  - internal/search
  - internal/urlfetch
  - internal/user
  - log
  - memcache
  - remote_api
  - search
  - urlfetch
  - user
testImports:
- name: github.com/golangplus/testing
  version: 56d225dfade1dd7ba5ff9850e80c2c5a7595082e
  subpackages:
  - assert
